
Microsoft Visual Studio Solution File, Format Version 12.00
# Visual Studio Version 17
VisualStudioVersion = 17.3.32901.215
MinimumVisualStudioVersion = 10.0.40219.1
Project("{FAE04EC0-301F-11D3-BF4B-00C04F79EFBC}") = "API", "API\API.csproj", "{DEBD14F2-82CD-40D6-A9FE-066D4DE86CDA}"
EndProject
Project("{FAE04EC0-301F-11D3-BF4B-00C04F79EFBC}") = "Core", "Core\Core.csproj", "{915BED2B-6C29-49E7-AAE9-5E5FF94B866D}"
EndProject
Project("{FAE04EC0-301F-11D3-BF4B-00C04F79EFBC}") = "Infrastructure", "Infrastructure\Infrastructure.csproj", "{3BA573ED-1FA0-4F7D-BD53-BCBFFD38B440}"
EndProject
Global
	GlobalSection(SolutionConfigurationPlatforms) = preSolution
		Debug|Any CPU = Debug|Any CPU
		Release|Any CPU = Release|Any CPU
	EndGlobalSection
	GlobalSection(ProjectConfigurationPlatforms) = postSolution
		{DEBD14F2-82CD-40D6-A9FE-066D4DE86CDA}.Debug|Any CPU.ActiveCfg = Debug|Any CPU
		{DEBD14F2-82CD-40D6-A9FE-066D4DE86CDA}.Debug|Any CPU.Build.0 = Debug|Any CPU
		{DEBD14F2-82CD-40D6-A9FE-066D4DE86CDA}.Release|Any CPU.ActiveCfg = Release|Any CPU
		{DEBD14F2-82CD-40D6-A9FE-066D4DE86CDA}.Release|Any CPU.Build.0 = Release|Any CPU
		{915BED2B-6C29-49E7-AAE9-5E5FF94B866D}.Debug|Any CPU.ActiveCfg = Debug|Any CPU
		{915BED2B-6C29-49E7-AAE9-5E5FF94B866D}.Debug|Any CPU.Build.0 = Debug|Any CPU
		{915BED2B-6C29-49E7-AAE9-5E5FF94B866D}.Release|Any CPU.ActiveCfg = Release|Any CPU
		{915BED2B-6C29-49E7-AAE9-5E5FF94B866D}.Release|Any CPU.Build.0 = Release|Any CPU
		{3BA573ED-1FA0-4F7D-BD53-BCBFFD38B440}.Debug|Any CPU.ActiveCfg = Debug|Any CPU
		{3BA573ED-1FA0-4F7D-BD53-BCBFFD38B440}.Debug|Any CPU.Build.0 = Debug|Any CPU
		{3BA573ED-1FA0-4F7D-BD53-BCBFFD38B440}.Release|Any CPU.ActiveCfg = Release|Any CPU
		{3BA573ED-1FA0-4F7D-BD53-BCBFFD38B440}.Release|Any CPU.Build.0 = Release|Any CPU
	EndGlobalSection
	GlobalSection(SolutionProperties) = preSolution
		HideSolutionNode = FALSE
	EndGlobalSection
	GlobalSection(ExtensibilityGlobals) = postSolution
		SolutionGuid = {DCEFA538-3284-4A91-9D2E-A652CEA63E6A}
	EndGlobalSection
EndGlobal
